
Microsoft Visual Studio Solution File, Format Version 12.00
# Visual Studio Version 16
VisualStudioVersion = 16.0.31605.320
MinimumVisualStudioVersion = 10.0.40219.1
Project("{FAE04EC0-301F-11D3-BF4B-00C04F79EFBC}") = "zad4", "zad4\zad4.csproj", "{299C3E1D-3B73-4B47-A5CE-06B612914FDC}"
EndProject
Global
	GlobalSection(SolutionConfigurationPlatforms) = preSolution
		Debug|Any CPU = Debug|Any CPU
		Release|Any CPU = Release|Any CPU
	EndGlobalSection
	GlobalSection(ProjectConfigurationPlatforms) = postSolution
		{299C3E1D-3B73-4B47-A5CE-06B612914FDC}.Debug|Any CPU.ActiveCfg = Debug|Any CPU
		{299C3E1D-3B73-4B47-A5CE-06B612914FDC}.Debug|Any CPU.Build.0 = Debug|Any CPU
		{299C3E1D-3B73-4B47-A5CE-06B612914FDC}.Release|Any CPU.ActiveCfg = Release|Any CPU
		{299C3E1D-3B73-4B47-A5CE-06B612914FDC}.Release|Any CPU.Build.0 = Release|Any CPU
	EndGlobalSection
	GlobalSection(SolutionProperties) = preSolution
		HideSolutionNode = FALSE
	EndGlobalSection
	GlobalSection(ExtensibilityGlobals) = postSolution
		SolutionGuid = {0F37E7AE-C60D-4B1C-B32E-450FE3E49992}
	EndGlobalSection
EndGlobal
